
Microsoft Visual Studio Solution File, Format Version 12.00
# Visual Studio Version 17
VisualStudioVersion = 17.9.34607.119
MinimumVisualStudioVersion = 10.0.40219.1
Project("{FAE04EC0-301F-11D3-BF4B-00C04F79EFBC}") = "Hr System", "Hr System\Hr System.csproj", "{9739C970-0E81-4D95-AD29-1C14806C0FFC}"
EndProject
Global
	GlobalSection(SolutionConfigurationPlatforms) = preSolution
		Debug|Any CPU = Debug|Any CPU
		Release|Any CPU = Release|Any CPU
	EndGlobalSection
	GlobalSection(ProjectConfigurationPlatforms) = postSolution
		{9739C970-0E81-4D95-AD29-1C14806C0FFC}.Debug|Any CPU.ActiveCfg = Debug|Any CPU
		{9739C970-0E81-4D95-AD29-1C14806C0FFC}.Debug|Any CPU.Build.0 = Debug|Any CPU
		{9739C970-0E81-4D95-AD29-1C14806C0FFC}.Release|Any CPU.ActiveCfg = Release|Any CPU
		{9739C970-0E81-4D95-AD29-1C14806C0FFC}.Release|Any CPU.Build.0 = Release|Any CPU
	EndGlobalSection
	GlobalSection(SolutionProperties) = preSolution
		HideSolutionNode = FALSE
	EndGlobalSection
	GlobalSection(ExtensibilityGlobals) = postSolution
		SolutionGuid = {23DD206F-456D-4A89-BF9E-F9FB6FDB32C7}
	EndGlobalSection
EndGlobal
